
Microsoft Visual Studio Solution File, Format Version 12.00
# Visual Studio 15
VisualStudioVersion = 15.0.27703.2035
MinimumVisualStudioVersion = 10.0.40219.1
Project("{FAE04EC0-301F-11D3-BF4B-00C04F79EFBC}") = "testsocial", "testsocial\testsocial.csproj", "{8B657CC1-DED6-42AA-91F8-D405A824726D}"
EndProject
Global
	GlobalSection(SolutionConfigurationPlatforms) = preSolution
		Debug|Any CPU = Debug|Any CPU
		Release|Any CPU = Release|Any CPU
	EndGlobalSection
	GlobalSection(ProjectConfigurationPlatforms) = postSolution
		{8B657CC1-DED6-42AA-91F8-D405A824726D}.Debug|Any CPU.ActiveCfg = Debug|Any CPU
		{8B657CC1-DED6-42AA-91F8-D405A824726D}.Debug|Any CPU.Build.0 = Debug|Any CPU
		{8B657CC1-DED6-42AA-91F8-D405A824726D}.Release|Any CPU.ActiveCfg = Release|Any CPU
		{8B657CC1-DED6-42AA-91F8-D405A824726D}.Release|Any CPU.Build.0 = Release|Any CPU
	EndGlobalSection
	GlobalSection(SolutionProperties) = preSolution
		HideSolutionNode = FALSE
	EndGlobalSection
	GlobalSection(ExtensibilityGlobals) = postSolution
		SolutionGuid = {37775396-FC08-4BCD-A8D3-62730C534D50}
	EndGlobalSection
EndGlobal
